{
  "requires": true,
  "lockfileVersion": 1,
  "dependencies": {
    "jetifier": {
      "version": "1.6.4",
      "resolved": "https://registry.npmjs.org/jetifier/-/jetifier-1.6.4.tgz",
      "integrity": "sha512-+f/4OLeqY8RAmXnonI1ffeY1DR8kMNJPhv5WMFehchf7U71cjMQVKkOz1n6asz6kfVoAqKNWJz1A/18i18AcXA==",
      "dev": true
    }
  }
}
